
Microsoft Visual Studio Solution File, Format Version 12.00
# Visual Studio Version 16
VisualStudioVersion = 16.0.32602.291
MinimumVisualStudioVersion = 10.0.40219.1
Project("{FAE04EC0-301F-11D3-BF4B-00C04F79EFBC}") = "GOL-AW", "GOL-AW\GOL-AW.csproj", "{100540FF-636B-4905-B9C6-8C614E7DDB06}"
EndProject
Global
	GlobalSection(SolutionConfigurationPlatforms) = preSolution
		Debug|Any CPU = Debug|Any CPU
		Release|Any CPU = Release|Any CPU
	EndGlobalSection
	GlobalSection(ProjectConfigurationPlatforms) = postSolution
		{100540FF-636B-4905-B9C6-8C614E7DDB06}.Debug|Any CPU.ActiveCfg = Debug|Any CPU
		{100540FF-636B-4905-B9C6-8C614E7DDB06}.Debug|Any CPU.Build.0 = Debug|Any CPU
		{100540FF-636B-4905-B9C6-8C614E7DDB06}.Release|Any CPU.ActiveCfg = Release|Any CPU
		{100540FF-636B-4905-B9C6-8C614E7DDB06}.Release|Any CPU.Build.0 = Release|Any CPU
	EndGlobalSection
	GlobalSection(SolutionProperties) = preSolution
		HideSolutionNode = FALSE
	EndGlobalSection
	GlobalSection(ExtensibilityGlobals) = postSolution
		SolutionGuid = {B496E9C7-AAC2-45A9-9F79-31EB99FAA0E3}
	EndGlobalSection
EndGlobal
